
Microsoft Visual Studio Solution File, Format Version 10.00
# Visual Studio 2008
Project("{D183A3D8-5FD8-494B-B014-37F57B35E655}") = "OS-Code-Point Open", "OS-Code-Point-Open\OS-Code-Point Open.dtproj", "{E70CC89A-91C9-4B3C-BEBE-ABF12A475C78}"
EndProject
Global
	GlobalSection(SolutionConfigurationPlatforms) = preSolution
		Development|Default = Development|Default
	EndGlobalSection
	GlobalSection(ProjectConfigurationPlatforms) = postSolution
		{E70CC89A-91C9-4B3C-BEBE-ABF12A475C78}.Development|Default.ActiveCfg = Development
		{E70CC89A-91C9-4B3C-BEBE-ABF12A475C78}.Development|Default.Build.0 = Development
	EndGlobalSection
	GlobalSection(SolutionProperties) = preSolution
		HideSolutionNode = FALSE
	EndGlobalSection
EndGlobal
